// !$*UTF8*$!
{
	archiveVersion = 1;
	classes = {
	};
	objectVersion = 46;
	objects = {

/* Begin PBXBuildFile section */
		F00011A61CB9657400E22140 /* main.cpp in Sources */ = {isa = PBXBuildFile; fileRef = F00011A51CB9657400E22140 /* main.cpp */; };
		F00011B51CB9660D00E22140 /* capturecamera.cpp in Sources */ = {isa = PBXBuildFile; fileRef = F00011AE1CB9660D00E22140 /* capturecamera.cpp */; };
		F00011B91CB97B4300E22140 /* GPhoto2.framework in Frameworks */ = {isa = PBXBuildFile; fileRef = F00011B81CB97B4300E22140 /* GPhoto2.framework */; };
/* End PBXBuildFile section */

/* Begin PBXCopyFilesBuildPhase section */
		F00011A01CB9657400E22140 /* CopyFiles */ = {
			isa = PBXCopyFilesBuildPhase;
			buildActionMask = 2147483647;
			dstPath = /usr/share/man/man1/;
			dstSubfolderSpec = 0;
			files = (
			);
			runOnlyForDeploymentPostprocessing = 1;
		};
/* End PBXCopyFilesBuildPhase section */

/* Begin PBXFileReference section */
		F00011A21CB9657400E22140 /* PhotoCapture */ = {isa = PBXFileReference; explicitFileType = "compiled.mach-o.executable"; includeInIndex = 0; path = PhotoCapture; sourceTree = BUILT_PRODUCTS_DIR; };
		F00011A51CB9657400E22140 /* main.cpp */ = {isa = PBXFileReference; lastKnownFileType = sourcecode.cpp.cpp; path = main.cpp; sourceTree = "<group>"; };
		F00011AE1CB9660D00E22140 /* capturecamera.cpp */ = {isa = PBXFileReference; fileEncoding = 4; lastKnownFileType = sourcecode.cpp.cpp; path = capturecamera.cpp; sourceTree = "<group>"; };
		F00011AF1CB9660D00E22140 /* capturecamera.h */ = {isa = PBXFileReference; fileEncoding = 4; lastKnownFileType = sourcecode.c.h; path = capturecamera.h; sourceTree = "<group>"; };
		F00011B81CB97B4300E22140 /* GPhoto2.framework */ = {isa = PBXFileReference; lastKnownFileType = wrapper.framework; name = GPhoto2.framework; path = ../../../../../Library/Frameworks/GPhoto2.framework; sourceTree = "<group>"; };
/* End PBXFileReference section */

/* Begin PBXFrameworksBuildPhase section */
		F000119F1CB9657400E22140 /* Frameworks */ = {
			isa = PBXFrameworksBuildPhase;
			buildActionMask = 2147483647;
			files = (
				F00011B91CB97B4300E22140 /* GPhoto2.framework in Frameworks */,
			);
			runOnlyForDeploymentPostprocessing = 0;
		};
/* End PBXFrameworksBuildPhase section */

/* Begin PBXGroup section */
		F00011991CB9657400E22140 = {
			isa = PBXGroup;
			children = (
				F00011B81CB97B4300E22140 /* GPhoto2.framework */,
				F00011A41CB9657400E22140 /* PhotoCapture */,
				F00011A31CB9657400E22140 /* Products */,
			);
			sourceTree = "<group>";
		};
		F00011A31CB9657400E22140 /* Products */ = {
			isa = PBXGroup;
			children = (
				F00011A21CB9657400E22140 /* PhotoCapture */,
			);
			name = Products;
			sourceTree = "<group>";
		};
		F00011A41CB9657400E22140 /* PhotoCapture */ = {
			isa = PBXGroup;
			children = (
				F00011AE1CB9660D00E22140 /* capturecamera.cpp */,
				F00011AF1CB9660D00E22140 /* capturecamera.h */,
				F00011A51CB9657400E22140 /* main.cpp */,
			);
			path = PhotoCapture;
			sourceTree = "<group>";
		};
/* End PBXGroup section */

/* Begin PBXNativeTarget section */
		F00011A11CB9657400E22140 /* PhotoCapture */ = {
			isa = PBXNativeTarget;
			buildConfigurationList = F00011A91CB9657400E22140 /* Build configuration list for PBXNativeTarget "PhotoCapture" */;
			buildPhases = (
				F000119E1CB9657400E22140 /* Sources */,
				F000119F1CB9657400E22140 /* Frameworks */,
				F00011A01CB9657400E22140 /* CopyFiles */,
			);
			buildRules = (
			);
			dependencies = (
			);
			name = PhotoCapture;
			productName = PhotoCapture;
			productReference = F00011A21CB9657400E22140 /* PhotoCapture */;
			productType = "com.apple.product-type.tool";
		};
/* End PBXNativeTarget section */

/* Begin PBXProject section */
		F000119A1CB9657400E22140 /* Project object */ = {
			isa = PBXProject;
			attributes = {
				LastUpgradeCheck = 0730;
				ORGANIZATIONNAME = "Marcelo Cobias";
				TargetAttributes = {
					F00011A11CB9657400E22140 = {
						CreatedOnToolsVersion = 7.3;
					};
				};
			};
			buildConfigurationList = F000119D1CB9657400E22140 /* Build configuration list for PBXProject "PhotoCapture" */;
			compatibilityVersion = "Xcode 3.2";
			developmentRegion = English;
			hasScannedForEncodings = 0;
			knownRegions = (
				en,
			);
			mainGroup = F00011991CB9657400E22140;
			productRefGroup = F00011A31CB9657400E22140 /* Products */;
			projectDirPath = "";
			projectRoot = "";
			targets = (
				F00011A11CB9657400E22140 /* PhotoCapture */,
			);
		};
/* End PBXProject section */

/* Begin PBXSourcesBuildPhase section */
		F000119E1CB9657400E22140 /* Sources */ = {
			isa = PBXSourcesBuildPhase;
			buildActionMask = 2147483647;
			files = (
				F00011A61CB9657400E22140 /* main.cpp in Sources */,
				F00011B51CB9660D00E22140 /* capturecamera.cpp in Sources */,
			);
			runOnlyForDeploymentPostprocessing = 0;
		};
/* End PBXSourcesBuildPhase section */

/* Begin XCBuildConfiguration section */
		F00011A71CB9657400E22140 /* Debug */ = {
			isa = XCBuildConfiguration;
			buildSettings = {
				ALWAYS_SEARCH_USER_PATHS = NO;
				CLANG_ANALYZER_NONNULL = YES;
				CLANG_CXX_LANGUAGE_STANDARD = "gnu++0x";
				CLANG_CXX_LIBRARY = "libc++";
				CLANG_ENABLE_MODULES = YES;
				CLANG_ENABLE_OBJC_ARC = YES;
				CLANG_WARN_BOOL_CONVERSION = YES;
				CLANG_WARN_CONSTANT_CONVERSION = YES;
				CLANG_WARN_DIRECT_OBJC_ISA_USAGE = YES_ERROR;
				CLANG_WARN_EMPTY_BODY = YES;
				CLANG_WARN_ENUM_CONVERSION = YES;
				CLANG_WARN_INT_CONVERSION = YES;
				CLANG_WARN_OBJC_ROOT_CLASS = YES_ERROR;
				CLANG_WARN_UNREACHABLE_CODE = YES;
				CLANG_WARN__DUPLICATE_METHOD_MATCH = YES;
				CODE_SIGN_IDENTITY = "-";
				COPY_PHASE_STRIP = NO;
				DEBUG_INFORMATION_FORMAT = dwarf;
				ENABLE_STRICT_OBJC_MSGSEND = YES;
				ENABLE_TESTABILITY = YES;
				GCC_C_LANGUAGE_STANDARD = gnu99;
				GCC_DYNAMIC_NO_PIC = NO;
				GCC_NO_COMMON_BLOCKS = YES;
				GCC_OPTIMIZATION_LEVEL = 0;
				GCC_PREPROCESSOR_DEFINITIONS = (
					"DEBUG=1",
					"$(inherited)",
				);
				GCC_WARN_64_TO_32_BIT_CONVERSION = YES;
				GCC_WARN_ABOUT_RETURN_TYPE = YES_ERROR;
				GCC_WARN_UNDECLARED_SELECTOR = YES;
				GCC_WARN_UNINITIALIZED_AUTOS = YES_AGGRESSIVE;
				GCC_WARN_UNUSED_FUNCTION = YES;
				GCC_WARN_UNUSED_VARIABLE = YES;
				MACOSX_DEPLOYMENT_TARGET = 10.11;
				MTL_ENABLE_DEBUG_INFO = YES;
				ONLY_ACTIVE_ARCH = YES;
				SDKROOT = macosx;
			};
			name = Debug;
		};
		F00011A81CB9657400E22140 /* Release */ = {
			isa = XCBuildConfiguration;
			buildSettings = {
				ALWAYS_SEARCH_USER_PATHS = NO;
				CLANG_ANALYZER_NONNULL = YES;
				CLANG_CXX_LANGUAGE_STANDARD = "gnu++0x";
				CLANG_CXX_LIBRARY = "libc++";
				CLANG_ENABLE_MODULES = YES;
				CLANG_ENABLE_OBJC_ARC = YES;
				CLANG_WARN_BOOL_CONVERSION = YES;
				CLANG_WARN_CONSTANT_CONVERSION = YES;
				CLANG_WARN_DIRECT_OBJC_ISA_USAGE = YES_ERROR;
				CLANG_WARN_EMPTY_BODY = YES;
				CLANG_WARN_ENUM_CONVERSION = YES;
				CLANG_WARN_INT_CONVERSION = YES;
				CLANG_WARN_OBJC_ROOT_CLASS = YES_ERROR;
				CLANG_WARN_UNREACHABLE_CODE = YES;
				CLANG_WARN__DUPLICATE_METHOD_MATCH = YES;
				CODE_SIGN_IDENTITY = "-";
				COPY_PHASE_STRIP = NO;
				DEBUG_INFORMATION_FORMAT = "dwarf-with-dsym";
				ENABLE_NS_ASSERTIONS = NO;
				ENABLE_STRICT_OBJC_MSGSEND = YES;
				GCC_C_LANGUAGE_STANDARD = gnu99;
				GCC_NO_COMMON_BLOCKS = YES;
				GCC_WARN_64_TO_32_BIT_CONVERSION = YES;
				GCC_WARN_ABOUT_RETURN_TYPE = YES_ERROR;
				GCC_WARN_UNDECLARED_SELECTOR = YES;
				GCC_WARN_UNINITIALIZED_AUTOS = YES_AGGRESSIVE;
				GCC_WARN_UNUSED_FUNCTION = YES;
				GCC_WARN_UNUSED_VARIABLE = YES;
				MACOSX_DEPLOYMENT_TARGET = 10.11;
				MTL_ENABLE_DEBUG_INFO = NO;
				SDKROOT = macosx;
			};
			name = Release;
		};
		F00011AA1CB9657400E22140 /* Debug */ = {
			isa = XCBuildConfiguration;
			buildSettings = {
				FRAMEWORK_SEARCH_PATHS = (
					"$(inherited)",
					"$(LOCAL_LIBRARY_DIR)/Frameworks",
				);
				GCC_WARN_64_TO_32_BIT_CONVERSION = NO;
				HEADER_SEARCH_PATHS = (
					"/usr/local/Cellar/gtk+3/3.18.9/include/gtk-3.0",
					/usr/local/include/,
					"/opt/local/lib/glib-2.0/include",
					"/usr/local/Cellar/glib/2.46.2/include/glib-2.0/",
					"/usr/local/Cellar/pango/1.38.1/include/pango-1.0",
					/opt/X11/include/cairo,
					"/usr/local/Cellar/gdk-pixbuf/2.32.3/include/gdk-pixbuf-2.0",
					"/usr/local/Cellar/atk/2.18.0_1/include/atk-1.0/",
				);
				LIBRARY_SEARCH_PATHS = /usr/local/lib/;
				OTHER_LDFLAGS = (
					"-lopencv_calib3d",
					"-lopencv_core",
					"-lopencv_features2d",
					"-lopencv_flann",
					"-lopencv_highgui",
					"-lopencv_imgcodecs",
					"-lopencv_imgproc",
					"-lopencv_ml",
					"-lopencv_objdetect",
					"-lopencv_photo",
					"-lopencv_shape",
					"-lopencv_stitching",
					"-lopencv_superres",
					"-lopencv_video",
					"-lopencv_videoio",
					"-lopencv_videostab",
					"-lgtk-3",
					"-lgdk-3",
					"-latk-1.0",
					"-lgio-2.0",
					"-lpangoft2-1.0",
					"-lgdk_pixbuf-2.0",
					"-lpangocairo-1.0",
					"-lcairo",
					"-lpango-1.0",
					"-lfreetype",
					"-lfontconfig",
					"-lgobject-2.0",
					"-lgmodule-2.0",
					"-lgthread-2.0",
					"-lglib-2.0",
				);
				PRODUCT_NAME = "$(TARGET_NAME)";
			};
			name = Debug;
		};
		F00011AB1CB9657400E22140 /* Release */ = {
			isa = XCBuildConfiguration;
			buildSettings = {
				FRAMEWORK_SEARCH_PATHS = (
					"$(inherited)",
					"$(LOCAL_LIBRARY_DIR)/Frameworks",
				);
				GCC_WARN_64_TO_32_BIT_CONVERSION = NO;
				HEADER_SEARCH_PATHS = (
					"/usr/local/Cellar/gtk+3/3.18.9/include/gtk-3.0",
					/usr/local/include/,
					"/opt/local/lib/glib-2.0/include",
					"/usr/local/Cellar/glib/2.46.2/include/glib-2.0/",
					"/usr/local/Cellar/pango/1.38.1/include/pango-1.0",
					/opt/X11/include/cairo,
					"/usr/local/Cellar/gdk-pixbuf/2.32.3/include/gdk-pixbuf-2.0",
					"/usr/local/Cellar/atk/2.18.0_1/include/atk-1.0/",
				);
				LIBRARY_SEARCH_PATHS = /usr/local/lib/;
				OTHER_LDFLAGS = (
					"-lopencv_calib3d",
					"-lopencv_core",
					"-lopencv_features2d",
					"-lopencv_flann",
					"-lopencv_highgui",
					"-lopencv_imgcodecs",
					"-lopencv_imgproc",
					"-lopencv_ml",
					"-lopencv_objdetect",
					"-lopencv_photo",
					"-lopencv_shape",
					"-lopencv_stitching",
					"-lopencv_superres",
					"-lopencv_video",
					"-lopencv_videoio",
					"-lopencv_videostab",
					"-lgtk-3",
					"-lgdk-3",
					"-latk-1.0",
					"-lgio-2.0",
					"-lpangoft2-1.0",
					"-lgdk_pixbuf-2.0",
					"-lpangocairo-1.0",
					"-lcairo",
					"-lpango-1.0",
					"-lfreetype",
					"-lfontconfig",
					"-lgobject-2.0",
					"-lgmodule-2.0",
					"-lgthread-2.0",
					"-lglib-2.0",
				);
				PRODUCT_NAME = "$(TARGET_NAME)";
			};
			name = Release;
		};
/* End XCBuildConfiguration section */

/* Begin XCConfigurationList section */
		F000119D1CB9657400E22140 /* Build configuration list for PBXProject "PhotoCapture" */ = {
			isa = XCConfigurationList;
			buildConfigurations = (
				F00011A71CB9657400E22140 /* Debug */,
				F00011A81CB9657400E22140 /* Release */,
			);
			defaultConfigurationIsVisible = 0;
			defaultConfigurationName = Release;
		};
		F00011A91CB9657400E22140 /* Build configuration list for PBXNativeTarget "PhotoCapture" */ = {
			isa = XCConfigurationList;
			buildConfigurations = (
				F00011AA1CB9657400E22140 /* Debug */,
				F00011AB1CB9657400E22140 /* Release */,
			);
			defaultConfigurationIsVisible = 0;
			defaultConfigurationName = Release;
		};
/* End XCConfigurationList section */
	};
	rootObject = F000119A1CB9657400E22140 /* Project object */;
}
